// !$*UTF8*$!
{
	archiveVersion = 1;
	classes = {
	};
	objectVersion = 55;
	objects = {

/* Begin PBXBuildFile section */
		CD143D3727DFE26200676455 /* TabBarController.swift in Sources */ = {isa = PBXBuildFile; fileRef = CD143D3627DFE26200676455 /* TabBarController.swift */; };
		CD143D3927DFE52300676455 /* FeedViewController.swift in Sources */ = {isa = PBXBuildFile; fileRef = CD143D3827DFE52300676455 /* FeedViewController.swift */; };
		CD143D3B27DFE57F00676455 /* PostViewController.swift in Sources */ = {isa = PBXBuildFile; fileRef = CD143D3A27DFE57F00676455 /* PostViewController.swift */; };
		CD143D3D27DFE5B600676455 /* InfoViewController.swift in Sources */ = {isa = PBXBuildFile; fileRef = CD143D3C27DFE5B600676455 /* InfoViewController.swift */; };
		CD143D4027DFE61400676455 /* ProfileViewController.swift in Sources */ = {isa = PBXBuildFile; fileRef = CD143D3F27DFE61400676455 /* ProfileViewController.swift */; };
		CD172BF427E2974B00F320C0 /* LogInViewController.swift in Sources */ = {isa = PBXBuildFile; fileRef = CD172BF327E2974B00F320C0 /* LogInViewController.swift */; };
		CD2D0715281367D700F7A9FF /* DetailedPhotoViewController.swift in Sources */ = {isa = PBXBuildFile; fileRef = CD2D0714281367D700F7A9FF /* DetailedPhotoViewController.swift */; };
		CD2D071728136AB800F7A9FF /* PhotosTableViewCell.swift in Sources */ = {isa = PBXBuildFile; fileRef = CD2D071628136AB800F7A9FF /* PhotosTableViewCell.swift */; };
		CD3E210827E7251E00FBD521 /* PostTableViewCell.swift in Sources */ = {isa = PBXBuildFile; fileRef = CD3E210727E7251E00FBD521 /* PostTableViewCell.swift */; };
		CD3E210A27E7265E00FBD521 /* ProfileTableHederView.swift in Sources */ = {isa = PBXBuildFile; fileRef = CD3E210927E7265E00FBD521 /* ProfileTableHederView.swift */; };
		CD6C30372804D354005F14D9 /* DetailedPostView.swift in Sources */ = {isa = PBXBuildFile; fileRef = CD6C30362804D354005F14D9 /* DetailedPostView.swift */; };
		CD6C303D2804D4A4005F14D9 /* Protocols.swift in Sources */ = {isa = PBXBuildFile; fileRef = CD6C303C2804D4A4005F14D9 /* Protocols.swift */; };
		CD6C303F2804D4CA005F14D9 /* Extension.swift in Sources */ = {isa = PBXBuildFile; fileRef = CD6C303E2804D4CA005F14D9 /* Extension.swift */; };
		CD86033827C2B69500771504 /* AppDelegate.swift in Sources */ = {isa = PBXBuildFile; fileRef = CD86033727C2B69500771504 /* AppDelegate.swift */; };
		CD86033A27C2B69500771504 /* SceneDelegate.swift in Sources */ = {isa = PBXBuildFile; fileRef = CD86033927C2B69500771504 /* SceneDelegate.swift */; };
		CD86034127C2B69700771504 /* Assets.xcassets in Resources */ = {isa = PBXBuildFile; fileRef = CD86034027C2B69700771504 /* Assets.xcassets */; };
		CD86034427C2B69700771504 /* LaunchScreen.storyboard in Resources */ = {isa = PBXBuildFile; fileRef = CD86034227C2B69700771504 /* LaunchScreen.storyboard */; };
		CDACCF3E27EA071C00041A5A /* PhotosViewController.swift in Sources */ = {isa = PBXBuildFile; fileRef = CDACCF3D27EA071C00041A5A /* PhotosViewController.swift */; };
		CDACCF4027EA076100041A5A /* PhotosCollectionViewCell.swift in Sources */ = {isa = PBXBuildFile; fileRef = CDACCF3F27EA076100041A5A /* PhotosCollectionViewCell.swift */; };
/* End PBXBuildFile section */

/* Begin PBXFileReference section */
		CD143D3627DFE26200676455 /* TabBarController.swift */ = {isa = PBXFileReference; lastKnownFileType = sourcecode.swift; path = TabBarController.swift; sourceTree = "<group>"; };
		CD143D3827DFE52300676455 /* FeedViewController.swift */ = {isa = PBXFileReference; lastKnownFileType = sourcecode.swift; path = FeedViewController.swift; sourceTree = "<group>"; };
		CD143D3A27DFE57F00676455 /* PostViewController.swift */ = {isa = PBXFileReference; lastKnownFileType = sourcecode.swift; path = PostViewController.swift; sourceTree = "<group>"; };
		CD143D3C27DFE5B600676455 /* InfoViewController.swift */ = {isa = PBXFileReference; lastKnownFileType = sourcecode.swift; path = InfoViewController.swift; sourceTree = "<group>"; };
		CD143D3F27DFE61400676455 /* ProfileViewController.swift */ = {isa = PBXFileReference; lastKnownFileType = sourcecode.swift; path = ProfileViewController.swift; sourceTree = "<group>"; };
		CD172BF327E2974B00F320C0 /* LogInViewController.swift */ = {isa = PBXFileReference; lastKnownFileType = sourcecode.swift; path = LogInViewController.swift; sourceTree = "<group>"; };
		CD2D0714281367D700F7A9FF /* DetailedPhotoViewController.swift */ = {isa = PBXFileReference; lastKnownFileType = sourcecode.swift; path = DetailedPhotoViewController.swift; sourceTree = "<group>"; };
		CD2D071628136AB800F7A9FF /* PhotosTableViewCell.swift */ = {isa = PBXFileReference; lastKnownFileType = sourcecode.swift; path = PhotosTableViewCell.swift; sourceTree = "<group>"; };
		CD3E210727E7251E00FBD521 /* PostTableViewCell.swift */ = {isa = PBXFileReference; lastKnownFileType = sourcecode.swift; path = PostTableViewCell.swift; sourceTree = "<group>"; };
		CD3E210927E7265E00FBD521 /* ProfileTableHederView.swift */ = {isa = PBXFileReference; lastKnownFileType = sourcecode.swift; path = ProfileTableHederView.swift; sourceTree = "<group>"; };
		CD6C30362804D354005F14D9 /* DetailedPostView.swift */ = {isa = PBXFileReference; lastKnownFileType = sourcecode.swift; path = DetailedPostView.swift; sourceTree = "<group>"; };
		CD6C303C2804D4A4005F14D9 /* Protocols.swift */ = {isa = PBXFileReference; lastKnownFileType = sourcecode.swift; path = Protocols.swift; sourceTree = "<group>"; };
		CD6C303E2804D4CA005F14D9 /* Extension.swift */ = {isa = PBXFileReference; lastKnownFileType = sourcecode.swift; path = Extension.swift; sourceTree = "<group>"; };
		CD86033427C2B69500771504 /* Navigation.app */ = {isa = PBXFileReference; explicitFileType = wrapper.application; includeInIndex = 0; path = Navigation.app; sourceTree = BUILT_PRODUCTS_DIR; };
		CD86033727C2B69500771504 /* AppDelegate.swift */ = {isa = PBXFileReference; lastKnownFileType = sourcecode.swift; path = AppDelegate.swift; sourceTree = "<group>"; };
		CD86033927C2B69500771504 /* SceneDelegate.swift */ = {isa = PBXFileReference; lastKnownFileType = sourcecode.swift; path = SceneDelegate.swift; sourceTree = "<group>"; };
		CD86034027C2B69700771504 /* Assets.xcassets */ = {isa = PBXFileReference; lastKnownFileType = folder.assetcatalog; path = Assets.xcassets; sourceTree = "<group>"; };
		CD86034327C2B69700771504 /* Base */ = {isa = PBXFileReference; lastKnownFileType = file.storyboard; name = Base; path = Base.lproj/LaunchScreen.storyboard; sourceTree = "<group>"; };
		CD86034527C2B69700771504 /* Info.plist */ = {isa = PBXFileReference; lastKnownFileType = text.plist.xml; path = Info.plist; sourceTree = "<group>"; };
		CDACCF3D27EA071C00041A5A /* PhotosViewController.swift */ = {isa = PBXFileReference; lastKnownFileType = sourcecode.swift; path = PhotosViewController.swift; sourceTree = "<group>"; };
		CDACCF3F27EA076100041A5A /* PhotosCollectionViewCell.swift */ = {isa = PBXFileReference; lastKnownFileType = sourcecode.swift; path = PhotosCollectionViewCell.swift; sourceTree = "<group>"; };
/* End PBXFileReference section */

/* Begin PBXFrameworksBuildPhase section */
		CD86033127C2B69500771504 /* Frameworks */ = {
			isa = PBXFrameworksBuildPhase;
			buildActionMask = 2147483647;
			files = (
			);
			runOnlyForDeploymentPostprocessing = 0;
		};
/* End PBXFrameworksBuildPhase section */

/* Begin PBXGroup section */
		CD143D3E27DFE5F100676455 /* Profile */ = {
			isa = PBXGroup;
			children = (
				CD172BF327E2974B00F320C0 /* LogInViewController.swift */,
				CD143D3F27DFE61400676455 /* ProfileViewController.swift */,
			);
			path = Profile;
			sourceTree = "<group>";
		};
		CD6C30302804CF35005F14D9 /* Feed */ = {
			isa = PBXGroup;
			children = (
				CD143D3827DFE52300676455 /* FeedViewController.swift */,
				CD143D3A27DFE57F00676455 /* PostViewController.swift */,
				CD143D3C27DFE5B600676455 /* InfoViewController.swift */,
			);
			path = Feed;
			sourceTree = "<group>";
		};
		CD6C30312804CF8D005F14D9 /* HeaderForProfile */ = {
			isa = PBXGroup;
			children = (
				CD3E210927E7265E00FBD521 /* ProfileTableHederView.swift */,
				CDACCF3D27EA071C00041A5A /* PhotosViewController.swift */,
				CD6C30322804CFD4005F14D9 /* Post */,
			);
			path = HeaderForProfile;
			sourceTree = "<group>";
		};
		CD6C30322804CFD4005F14D9 /* Post */ = {
			isa = PBXGroup;
			children = (
				CD3E210727E7251E00FBD521 /* PostTableViewCell.swift */,
				CD6C30362804D354005F14D9 /* DetailedPostView.swift */,
				CD2D0714281367D700F7A9FF /* DetailedPhotoViewController.swift */,
			);
			path = Post;
			sourceTree = "<group>";
		};
		CD6C30332804CFE2005F14D9 /* Photos */ = {
			isa = PBXGroup;
			children = (
				CD2D071628136AB800F7A9FF /* PhotosTableViewCell.swift */,
				CDACCF3F27EA076100041A5A /* PhotosCollectionViewCell.swift */,
				CD6C303E2804D4CA005F14D9 /* Extension.swift */,
				CD6C303C2804D4A4005F14D9 /* Protocols.swift */,
			);
			path = Photos;
			sourceTree = "<group>";
		};
		CD86032B27C2B69500771504 = {
			isa = PBXGroup;
			children = (
				CD86033627C2B69500771504 /* Navigation */,
				CD86033527C2B69500771504 /* Products */,
			);
			sourceTree = "<group>";
		};
		CD86033527C2B69500771504 /* Products */ = {
			isa = PBXGroup;
			children = (
				CD86033427C2B69500771504 /* Navigation.app */,
			);
			name = Products;
			sourceTree = "<group>";
		};
		CD86033627C2B69500771504 /* Navigation */ = {
			isa = PBXGroup;
			children = (
				CD86033727C2B69500771504 /* AppDelegate.swift */,
				CD86033927C2B69500771504 /* SceneDelegate.swift */,
				CD143D3627DFE26200676455 /* TabBarController.swift */,
				CD6C30302804CF35005F14D9 /* Feed */,
				CD143D3E27DFE5F100676455 /* Profile */,
				CD6C30312804CF8D005F14D9 /* HeaderForProfile */,
				CD6C30332804CFE2005F14D9 /* Photos */,
				CD86034027C2B69700771504 /* Assets.xcassets */,
				CD86034227C2B69700771504 /* LaunchScreen.storyboard */,
				CD86034527C2B69700771504 /* Info.plist */,
			);
			path = Navigation;
			sourceTree = "<group>";
		};
/* End PBXGroup section */

/* Begin PBXNativeTarget section */
		CD86033327C2B69500771504 /* Navigation */ = {
			isa = PBXNativeTarget;
			buildConfigurationList = CD86034827C2B69700771504 /* Build configuration list for PBXNativeTarget "Navigation" */;
			buildPhases = (
				CD86033027C2B69500771504 /* Sources */,
				CD86033127C2B69500771504 /* Frameworks */,
				CD86033227C2B69500771504 /* Resources */,
			);
			buildRules = (
			);
			dependencies = (
			);
			name = Navigation;
			productName = Navigation;
			productReference = CD86033427C2B69500771504 /* Navigation.app */;
			productType = "com.apple.product-type.application";
		};
/* End PBXNativeTarget section */

/* Begin PBXProject section */
		CD86032C27C2B69500771504 /* Project object */ = {
			isa = PBXProject;
			attributes = {
				BuildIndependentTargetsInParallel = 1;
				LastSwiftUpdateCheck = 1320;
				LastUpgradeCheck = 1320;
				TargetAttributes = {
					CD86033327C2B69500771504 = {
						CreatedOnToolsVersion = 13.2.1;
					};
				};
			};
			buildConfigurationList = CD86032F27C2B69500771504 /* Build configuration list for PBXProject "Navigation" */;
			compatibilityVersion = "Xcode 13.0";
			developmentRegion = en;
			hasScannedForEncodings = 0;
			knownRegions = (
				en,
				Base,
			);
			mainGroup = CD86032B27C2B69500771504;
			productRefGroup = CD86033527C2B69500771504 /* Products */;
			projectDirPath = "";
			projectRoot = "";
			targets = (
				CD86033327C2B69500771504 /* Navigation */,
			);
		};
/* End PBXProject section */

/* Begin PBXResourcesBuildPhase section */
		CD86033227C2B69500771504 /* Resources */ = {
			isa = PBXResourcesBuildPhase;
			buildActionMask = 2147483647;
			files = (
				CD86034427C2B69700771504 /* LaunchScreen.storyboard in Resources */,
				CD86034127C2B69700771504 /* Assets.xcassets in Resources */,
			);
			runOnlyForDeploymentPostprocessing = 0;
		};
/* End PBXResourcesBuildPhase section */

/* Begin PBXSourcesBuildPhase section */
		CD86033027C2B69500771504 /* Sources */ = {
			isa = PBXSourcesBuildPhase;
			buildActionMask = 2147483647;
			files = (
				CD2D071728136AB800F7A9FF /* PhotosTableViewCell.swift in Sources */,
				CDACCF4027EA076100041A5A /* PhotosCollectionViewCell.swift in Sources */,
				CDACCF3E27EA071C00041A5A /* PhotosViewController.swift in Sources */,
				CD6C303F2804D4CA005F14D9 /* Extension.swift in Sources */,
				CD143D3B27DFE57F00676455 /* PostViewController.swift in Sources */,
				CD3E210A27E7265E00FBD521 /* ProfileTableHederView.swift in Sources */,
				CD86033827C2B69500771504 /* AppDelegate.swift in Sources */,
				CD143D3D27DFE5B600676455 /* InfoViewController.swift in Sources */,
				CD6C303D2804D4A4005F14D9 /* Protocols.swift in Sources */,
				CD6C30372804D354005F14D9 /* DetailedPostView.swift in Sources */,
				CD2D0715281367D700F7A9FF /* DetailedPhotoViewController.swift in Sources */,
				CD143D3927DFE52300676455 /* FeedViewController.swift in Sources */,
				CD143D3727DFE26200676455 /* TabBarController.swift in Sources */,
				CD143D4027DFE61400676455 /* ProfileViewController.swift in Sources */,
				CD172BF427E2974B00F320C0 /* LogInViewController.swift in Sources */,
				CD86033A27C2B69500771504 /* SceneDelegate.swift in Sources */,
				CD3E210827E7251E00FBD521 /* PostTableViewCell.swift in Sources */,
			);
			runOnlyForDeploymentPostprocessing = 0;
		};
/* End PBXSourcesBuildPhase section */

/* Begin PBXVariantGroup section */
		CD86034227C2B69700771504 /* LaunchScreen.storyboard */ = {
			isa = PBXVariantGroup;
			children = (
				CD86034327C2B69700771504 /* Base */,
			);
			name = LaunchScreen.storyboard;
			sourceTree = "<group>";
		};
/* End PBXVariantGroup section */

/* Begin XCBuildConfiguration section */
		CD86034627C2B69700771504 /* Debug */ = {
			isa = XCBuildConfiguration;
			buildSettings = {
				ALWAYS_SEARCH_USER_PATHS = NO;
				CLANG_ANALYZER_NONNULL = YES;
				CLANG_ANALYZER_NUMBER_OBJECT_CONVERSION = YES_AGGRESSIVE;
				CLANG_CXX_LANGUAGE_STANDARD = "gnu++17";
				CLANG_CXX_LIBRARY = "libc++";
				CLANG_ENABLE_MODULES = YES;
				CLANG_ENABLE_OBJC_ARC = YES;
				CLANG_ENABLE_OBJC_WEAK = YES;
				CLANG_WARN_BLOCK_CAPTURE_AUTORELEASING = YES;
				CLANG_WARN_BOOL_CONVERSION = YES;
				CLANG_WARN_COMMA = YES;
				CLANG_WARN_CONSTANT_CONVERSION = YES;
				CLANG_WARN_DEPRECATED_OBJC_IMPLEMENTATIONS = YES;
				CLANG_WARN_DIRECT_OBJC_ISA_USAGE = YES_ERROR;
				CLANG_WARN_DOCUMENTATION_COMMENTS = YES;
				CLANG_WARN_EMPTY_BODY = YES;
				CLANG_WARN_ENUM_CONVERSION = YES;
				CLANG_WARN_INFINITE_RECURSION = YES;
				CLANG_WARN_INT_CONVERSION = YES;
				CLANG_WARN_NON_LITERAL_NULL_CONVERSION = YES;
				CLANG_WARN_OBJC_IMPLICIT_RETAIN_SELF = YES;
				CLANG_WARN_OBJC_LITERAL_CONVERSION = YES;
				CLANG_WARN_OBJC_ROOT_CLASS = YES_ERROR;
				CLANG_WARN_QUOTED_INCLUDE_IN_FRAMEWORK_HEADER = YES;
				CLANG_WARN_RANGE_LOOP_ANALYSIS = YES;
				CLANG_WARN_STRICT_PROTOTYPES = YES;
				CLANG_WARN_SUSPICIOUS_MOVE = YES;
				CLANG_WARN_UNGUARDED_AVAILABILITY = YES_AGGRESSIVE;
				CLANG_WARN_UNREACHABLE_CODE = YES;
				CLANG_WARN__DUPLICATE_METHOD_MATCH = YES;
				COPY_PHASE_STRIP = NO;
				DEBUG_INFORMATION_FORMAT = dwarf;
				ENABLE_STRICT_OBJC_MSGSEND = YES;
				ENABLE_TESTABILITY = YES;
				GCC_C_LANGUAGE_STANDARD = gnu11;
				GCC_DYNAMIC_NO_PIC = NO;
				GCC_NO_COMMON_BLOCKS = YES;
				GCC_OPTIMIZATION_LEVEL = 0;
				GCC_PREPROCESSOR_DEFINITIONS = (
					"DEBUG=1",
					"$(inherited)",
				);
				GCC_WARN_64_TO_32_BIT_CONVERSION = YES;
				GCC_WARN_ABOUT_RETURN_TYPE = YES_ERROR;
				GCC_WARN_UNDECLARED_SELECTOR = YES;
				GCC_WARN_UNINITIALIZED_AUTOS = YES_AGGRESSIVE;
				GCC_WARN_UNUSED_FUNCTION = YES;
				GCC_WARN_UNUSED_VARIABLE = YES;
				IPHONEOS_DEPLOYMENT_TARGET = 15.2;
				MTL_ENABLE_DEBUG_INFO = INCLUDE_SOURCE;
				MTL_FAST_MATH = YES;
				ONLY_ACTIVE_ARCH = YES;
				SDKROOT = iphoneos;
				SWIFT_ACTIVE_COMPILATION_CONDITIONS = DEBUG;
				SWIFT_OPTIMIZATION_LEVEL = "-Onone";
			};
			name = Debug;
		};
		CD86034727C2B69700771504 /* Release */ = {
			isa = XCBuildConfiguration;
			buildSettings = {
				ALWAYS_SEARCH_USER_PATHS = NO;
				CLANG_ANALYZER_NONNULL = YES;
				CLANG_ANALYZER_NUMBER_OBJECT_CONVERSION = YES_AGGRESSIVE;
				CLANG_CXX_LANGUAGE_STANDARD = "gnu++17";
				CLANG_CXX_LIBRARY = "libc++";
				CLANG_ENABLE_MODULES = YES;
				CLANG_ENABLE_OBJC_ARC = YES;
				CLANG_ENABLE_OBJC_WEAK = YES;
				CLANG_WARN_BLOCK_CAPTURE_AUTORELEASING = YES;
				CLANG_WARN_BOOL_CONVERSION = YES;
				CLANG_WARN_COMMA = YES;
				CLANG_WARN_CONSTANT_CONVERSION = YES;
				CLANG_WARN_DEPRECATED_OBJC_IMPLEMENTATIONS = YES;
				CLANG_WARN_DIRECT_OBJC_ISA_USAGE = YES_ERROR;
				CLANG_WARN_DOCUMENTATION_COMMENTS = YES;
				CLANG_WARN_EMPTY_BODY = YES;
				CLANG_WARN_ENUM_CONVERSION = YES;
				CLANG_WARN_INFINITE_RECURSION = YES;
				CLANG_WARN_INT_CONVERSION = YES;
				CLANG_WARN_NON_LITERAL_NULL_CONVERSION = YES;
				CLANG_WARN_OBJC_IMPLICIT_RETAIN_SELF = YES;
				CLANG_WARN_OBJC_LITERAL_CONVERSION = YES;
				CLANG_WARN_OBJC_ROOT_CLASS = YES_ERROR;
				CLANG_WARN_QUOTED_INCLUDE_IN_FRAMEWORK_HEADER = YES;
				CLANG_WARN_RANGE_LOOP_ANALYSIS = YES;
				CLANG_WARN_STRICT_PROTOTYPES = YES;
				CLANG_WARN_SUSPICIOUS_MOVE = YES;
				CLANG_WARN_UNGUARDED_AVAILABILITY = YES_AGGRESSIVE;
				CLANG_WARN_UNREACHABLE_CODE = YES;
				CLANG_WARN__DUPLICATE_METHOD_MATCH = YES;
				COPY_PHASE_STRIP = NO;
				DEBUG_INFORMATION_FORMAT = "dwarf-with-dsym";
				ENABLE_NS_ASSERTIONS = NO;
				ENABLE_STRICT_OBJC_MSGSEND = YES;
				GCC_C_LANGUAGE_STANDARD = gnu11;
				GCC_NO_COMMON_BLOCKS = YES;
				GCC_WARN_64_TO_32_BIT_CONVERSION = YES;
				GCC_WARN_ABOUT_RETURN_TYPE = YES_ERROR;
				GCC_WARN_UNDECLARED_SELECTOR = YES;
				GCC_WARN_UNINITIALIZED_AUTOS = YES_AGGRESSIVE;
				GCC_WARN_UNUSED_FUNCTION = YES;
				GCC_WARN_UNUSED_VARIABLE = YES;
				IPHONEOS_DEPLOYMENT_TARGET = 15.2;
				MTL_ENABLE_DEBUG_INFO = NO;
				MTL_FAST_MATH = YES;
				SDKROOT = iphoneos;
				SWIFT_COMPILATION_MODE = wholemodule;
				SWIFT_OPTIMIZATION_LEVEL = "-O";
				VALIDATE_PRODUCT = YES;
			};
			name = Release;
		};
		CD86034927C2B69700771504 /* Debug */ = {
			isa = XCBuildConfiguration;
			buildSettings = {
				ASSETCATALOG_COMPILER_APPICON_NAME = AppIcon;
				ASSETCATALOG_COMPILER_GLOBAL_ACCENT_COLOR_NAME = AccentColor;
				CODE_SIGN_STYLE = Automatic;
				CURRENT_PROJECT_VERSION = 1;
				GENERATE_INFOPLIST_FILE = YES;
				INFOPLIST_FILE = Navigation/Info.plist;
				INFOPLIST_KEY_UIApplicationSupportsIndirectInputEvents = YES;
				INFOPLIST_KEY_UILaunchStoryboardName = LaunchScreen;
				INFOPLIST_KEY_UISupportedInterfaceOrientations_iPad = "UIInterfaceOrientationPortrait UIInterfaceOrientationPortraitUpsideDown UIInterfaceOrientationLandscapeLeft UIInterfaceOrientationLandscapeRight";
				INFOPLIST_KEY_UISupportedInterfaceOrientations_iPhone = "UIInterfaceOrientationPortrait UIInterfaceOrientationLandscapeLeft UIInterfaceOrientationLandscapeRight";
				LD_RUNPATH_SEARCH_PATHS = (
					"$(inherited)",
					"@executable_path/Frameworks",
				);
				MARKETING_VERSION = 1.0;
				PRODUCT_BUNDLE_IDENTIFIER = Ai.Navigation;
				PRODUCT_NAME = "$(TARGET_NAME)";
				SWIFT_EMIT_LOC_STRINGS = YES;
				SWIFT_VERSION = 5.0;
				TARGETED_DEVICE_FAMILY = "1,2";
			};
			name = Debug;
		};
		CD86034A27C2B69700771504 /* Release */ = {
			isa = XCBuildConfiguration;
			buildSettings = {
				ASSETCATALOG_COMPILER_APPICON_NAME = AppIcon;
				ASSETCATALOG_COMPILER_GLOBAL_ACCENT_COLOR_NAME = AccentColor;
				CODE_SIGN_STYLE = Automatic;
				CURRENT_PROJECT_VERSION = 1;
				GENERATE_INFOPLIST_FILE = YES;
				INFOPLIST_FILE = Navigation/Info.plist;
				INFOPLIST_KEY_UIApplicationSupportsIndirectInputEvents = YES;
				INFOPLIST_KEY_UILaunchStoryboardName = LaunchScreen;
				INFOPLIST_KEY_UISupportedInterfaceOrientations_iPad = "UIInterfaceOrientationPortrait UIInterfaceOrientationPortraitUpsideDown UIInterfaceOrientationLandscapeLeft UIInterfaceOrientationLandscapeRight";
				INFOPLIST_KEY_UISupportedInterfaceOrientations_iPhone = "UIInterfaceOrientationPortrait UIInterfaceOrientationLandscapeLeft UIInterfaceOrientationLandscapeRight";
				LD_RUNPATH_SEARCH_PATHS = (
					"$(inherited)",
					"@executable_path/Frameworks",
				);
				MARKETING_VERSION = 1.0;
				PRODUCT_BUNDLE_IDENTIFIER = Ai.Navigation;
				PRODUCT_NAME = "$(TARGET_NAME)";
				SWIFT_EMIT_LOC_STRINGS = YES;
				SWIFT_VERSION = 5.0;
				TARGETED_DEVICE_FAMILY = "1,2";
			};
			name = Release;
		};
/* End XCBuildConfiguration section */

/* Begin XCConfigurationList section */
		CD86032F27C2B69500771504 /* Build configuration list for PBXProject "Navigation" */ = {
			isa = XCConfigurationList;
			buildConfigurations = (
				CD86034627C2B69700771504 /* Debug */,
				CD86034727C2B69700771504 /* Release */,
			);
			defaultConfigurationIsVisible = 0;
			defaultConfigurationName = Release;
		};
		CD86034827C2B69700771504 /* Build configuration list for PBXNativeTarget "Navigation" */ = {
			isa = XCConfigurationList;
			buildConfigurations = (
				CD86034927C2B69700771504 /* Debug */,
				CD86034A27C2B69700771504 /* Release */,
			);
			defaultConfigurationIsVisible = 0;
			defaultConfigurationName = Release;
		};
/* End XCConfigurationList section */
	};
	rootObject = CD86032C27C2B69500771504 /* Project object */;
}
